
Microsoft Visual Studio Solution File, Format Version 12.00
# Visual Studio Version 16
VisualStudioVersion = 16.0.30413.136
MinimumVisualStudioVersion = 10.0.40219.1
Project("{FAE04EC0-301F-11D3-BF4B-00C04F79EFBC}") = "ПР_19", "ПР_19\ПР_19.csproj", "{F694FB72-3EDE-4144-9C15-A0FF2F4F79F3}"
EndProject
Global
	GlobalSection(SolutionConfigurationPlatforms) = preSolution
		Debug|Any CPU = Debug|Any CPU
		Release|Any CPU = Release|Any CPU
	EndGlobalSection
	GlobalSection(ProjectConfigurationPlatforms) = postSolution
		{F694FB72-3EDE-4144-9C15-A0FF2F4F79F3}.Debug|Any CPU.ActiveCfg = Debug|Any CPU
		{F694FB72-3EDE-4144-9C15-A0FF2F4F79F3}.Debug|Any CPU.Build.0 = Debug|Any CPU
		{F694FB72-3EDE-4144-9C15-A0FF2F4F79F3}.Release|Any CPU.ActiveCfg = Release|Any CPU
		{F694FB72-3EDE-4144-9C15-A0FF2F4F79F3}.Release|Any CPU.Build.0 = Release|Any CPU
	EndGlobalSection
	GlobalSection(SolutionProperties) = preSolution
		HideSolutionNode = FALSE
	EndGlobalSection
	GlobalSection(ExtensibilityGlobals) = postSolution
		SolutionGuid = {D433FC68-490E-400A-991C-61583B6726B6}
	EndGlobalSection
EndGlobal
